// !$*UTF8*$!
{
	archiveVersion = 1;
	classes = {
	};
	objectVersion = 50;
	objects = {

/* Begin PBXBuildFile section */
		EA8BAC7525FAF89B00326058 /* AppDelegate.swift in Sources */ = {isa = PBXBuildFile; fileRef = EA8BAC7425FAF89B00326058 /* AppDelegate.swift */; };
		EA8BAC7725FAF89B00326058 /* SceneDelegate.swift in Sources */ = {isa = PBXBuildFile; fileRef = EA8BAC7625FAF89B00326058 /* SceneDelegate.swift */; };
		EA8BAC7925FAF89B00326058 /* ViewController.swift in Sources */ = {isa = PBXBuildFile; fileRef = EA8BAC7825FAF89B00326058 /* ViewController.swift */; };
		EA8BAC7C25FAF89B00326058 /* Main.storyboard in Resources */ = {isa = PBXBuildFile; fileRef = EA8BAC7A25FAF89B00326058 /* Main.storyboard */; };
		EA8BAC7F25FAF89B00326058 /* UIKit_Test.xcdatamodeld in Sources */ = {isa = PBXBuildFile; fileRef = EA8BAC7D25FAF89B00326058 /* UIKit_Test.xcdatamodeld */; };
		EA8BAC8125FAF89C00326058 /* Assets.xcassets in Resources */ = {isa = PBXBuildFile; fileRef = EA8BAC8025FAF89C00326058 /* Assets.xcassets */; };
		EA8BAC8425FAF89C00326058 /* LaunchScreen.storyboard in Resources */ = {isa = PBXBuildFile; fileRef = EA8BAC8225FAF89C00326058 /* LaunchScreen.storyboard */; };
		EA8BAC8F25FAF89C00326058 /* UIKit_TestTests.swift in Sources */ = {isa = PBXBuildFile; fileRef = EA8BAC8E25FAF89C00326058 /* UIKit_TestTests.swift */; };
		EA8BAC9A25FAF89C00326058 /* UIKit_TestUITests.swift in Sources */ = {isa = PBXBuildFile; fileRef = EA8BAC9925FAF89C00326058 /* UIKit_TestUITests.swift */; };
		EA8BACAE25FAF97000326058 /* ControlViewController.swift in Sources */ = {isa = PBXBuildFile; fileRef = EA8BACAD25FAF97000326058 /* ControlViewController.swift */; };
		EA8BACB625FAF97E00326058 /* SystemViewController.swift in Sources */ = {isa = PBXBuildFile; fileRef = EA8BACB525FAF97E00326058 /* SystemViewController.swift */; };
		EA8BACBC25FAF9A600326058 /* SystemTableViewCell.swift in Sources */ = {isa = PBXBuildFile; fileRef = EA8BACBA25FAF9A600326058 /* SystemTableViewCell.swift */; };
		EA8BACBD25FAF9A600326058 /* SystemTableViewCell.xib in Resources */ = {isa = PBXBuildFile; fileRef = EA8BACBB25FAF9A600326058 /* SystemTableViewCell.xib */; };
		EA8BACC625FAF9B600326058 /* ControlTableViewCell.swift in Sources */ = {isa = PBXBuildFile; fileRef = EA8BACC425FAF9B600326058 /* ControlTableViewCell.swift */; };
		EA8BACC725FAF9B600326058 /* ControlTableViewCell.xib in Resources */ = {isa = PBXBuildFile; fileRef = EA8BACC525FAF9B600326058 /* ControlTableViewCell.xib */; };
/* End PBXBuildFile section */

/* Begin PBXContainerItemProxy section */
		EA8BAC8B25FAF89C00326058 /* PBXContainerItemProxy */ = {
			isa = PBXContainerItemProxy;
			containerPortal = EA8BAC6925FAF89B00326058 /* Project object */;
			proxyType = 1;
			remoteGlobalIDString = EA8BAC7025FAF89B00326058;
			remoteInfo = "UIKit Test";
		};
		EA8BAC9625FAF89C00326058 /* PBXContainerItemProxy */ = {
			isa = PBXContainerItemProxy;
			containerPortal = EA8BAC6925FAF89B00326058 /* Project object */;
			proxyType = 1;
			remoteGlobalIDString = EA8BAC7025FAF89B00326058;
			remoteInfo = "UIKit Test";
		};
/* End PBXContainerItemProxy section */

/* Begin PBXFileReference section */
		EA8BAC7125FAF89B00326058 /* UIKit Test.app */ = {isa = PBXFileReference; explicitFileType = wrapper.application; includeInIndex = 0; path = "UIKit Test.app"; sourceTree = BUILT_PRODUCTS_DIR; };
		EA8BAC7425FAF89B00326058 /* AppDelegate.swift */ = {isa = PBXFileReference; lastKnownFileType = sourcecode.swift; path = AppDelegate.swift; sourceTree = "<group>"; };
		EA8BAC7625FAF89B00326058 /* SceneDelegate.swift */ = {isa = PBXFileReference; lastKnownFileType = sourcecode.swift; path = SceneDelegate.swift; sourceTree = "<group>"; };
		EA8BAC7825FAF89B00326058 /* ViewController.swift */ = {isa = PBXFileReference; lastKnownFileType = sourcecode.swift; path = ViewController.swift; sourceTree = "<group>"; };
		EA8BAC7B25FAF89B00326058 /* Base */ = {isa = PBXFileReference; lastKnownFileType = file.storyboard; name = Base; path = Base.lproj/Main.storyboard; sourceTree = "<group>"; };
		EA8BAC7E25FAF89B00326058 /* UIKit_Test.xcdatamodel */ = {isa = PBXFileReference; lastKnownFileType = wrapper.xcdatamodel; path = UIKit_Test.xcdatamodel; sourceTree = "<group>"; };
		EA8BAC8025FAF89C00326058 /* Assets.xcassets */ = {isa = PBXFileReference; lastKnownFileType = folder.assetcatalog; path = Assets.xcassets; sourceTree = "<group>"; };
		EA8BAC8325FAF89C00326058 /* Base */ = {isa = PBXFileReference; lastKnownFileType = file.storyboard; name = Base; path = Base.lproj/LaunchScreen.storyboard; sourceTree = "<group>"; };
		EA8BAC8525FAF89C00326058 /* Info.plist */ = {isa = PBXFileReference; lastKnownFileType = text.plist.xml; path = Info.plist; sourceTree = "<group>"; };
		EA8BAC8A25FAF89C00326058 /* UIKit TestTests.xctest */ = {isa = PBXFileReference; explicitFileType = wrapper.cfbundle; includeInIndex = 0; path = "UIKit TestTests.xctest"; sourceTree = BUILT_PRODUCTS_DIR; };
		EA8BAC8E25FAF89C00326058 /* UIKit_TestTests.swift */ = {isa = PBXFileReference; lastKnownFileType = sourcecode.swift; path = UIKit_TestTests.swift; sourceTree = "<group>"; };
		EA8BAC9025FAF89C00326058 /* Info.plist */ = {isa = PBXFileReference; lastKnownFileType = text.plist.xml; path = Info.plist; sourceTree = "<group>"; };
		EA8BAC9525FAF89C00326058 /* UIKit TestUITests.xctest */ = {isa = PBXFileReference; explicitFileType = wrapper.cfbundle; includeInIndex = 0; path = "UIKit TestUITests.xctest"; sourceTree = BUILT_PRODUCTS_DIR; };
		EA8BAC9925FAF89C00326058 /* UIKit_TestUITests.swift */ = {isa = PBXFileReference; lastKnownFileType = sourcecode.swift; path = UIKit_TestUITests.swift; sourceTree = "<group>"; };
		EA8BAC9B25FAF89C00326058 /* Info.plist */ = {isa = PBXFileReference; lastKnownFileType = text.plist.xml; path = Info.plist; sourceTree = "<group>"; };
		EA8BACAD25FAF97000326058 /* ControlViewController.swift */ = {isa = PBXFileReference; lastKnownFileType = sourcecode.swift; path = ControlViewController.swift; sourceTree = "<group>"; };
		EA8BACB525FAF97E00326058 /* SystemViewController.swift */ = {isa = PBXFileReference; lastKnownFileType = sourcecode.swift; path = SystemViewController.swift; sourceTree = "<group>"; };
		EA8BACBA25FAF9A600326058 /* SystemTableViewCell.swift */ = {isa = PBXFileReference; lastKnownFileType = sourcecode.swift; path = SystemTableViewCell.swift; sourceTree = "<group>"; };
		EA8BACBB25FAF9A600326058 /* SystemTableViewCell.xib */ = {isa = PBXFileReference; lastKnownFileType = file.xib; path = SystemTableViewCell.xib; sourceTree = "<group>"; };
		EA8BACC425FAF9B600326058 /* ControlTableViewCell.swift */ = {isa = PBXFileReference; lastKnownFileType = sourcecode.swift; path = ControlTableViewCell.swift; sourceTree = "<group>"; };
		EA8BACC525FAF9B600326058 /* ControlTableViewCell.xib */ = {isa = PBXFileReference; lastKnownFileType = file.xib; path = ControlTableViewCell.xib; sourceTree = "<group>"; };
/* End PBXFileReference section */

/* Begin PBXFrameworksBuildPhase section */
		EA8BAC6E25FAF89B00326058 /* Frameworks */ = {
			isa = PBXFrameworksBuildPhase;
			buildActionMask = 2147483647;
			files = (
			);
			runOnlyForDeploymentPostprocessing = 0;
		};
		EA8BAC8725FAF89C00326058 /* Frameworks */ = {
			isa = PBXFrameworksBuildPhase;
			buildActionMask = 2147483647;
			files = (
			);
			runOnlyForDeploymentPostprocessing = 0;
		};
		EA8BAC9225FAF89C00326058 /* Frameworks */ = {
			isa = PBXFrameworksBuildPhase;
			buildActionMask = 2147483647;
			files = (
			);
			runOnlyForDeploymentPostprocessing = 0;
		};
/* End PBXFrameworksBuildPhase section */

/* Begin PBXGroup section */
		EA8BAC6825FAF89B00326058 = {
			isa = PBXGroup;
			children = (
				EA8BAC7325FAF89B00326058 /* UIKit Test */,
				EA8BAC8D25FAF89C00326058 /* UIKit TestTests */,
				EA8BAC9825FAF89C00326058 /* UIKit TestUITests */,
				EA8BAC7225FAF89B00326058 /* Products */,
			);
			sourceTree = "<group>";
		};
		EA8BAC7225FAF89B00326058 /* Products */ = {
			isa = PBXGroup;
			children = (
				EA8BAC7125FAF89B00326058 /* UIKit Test.app */,
				EA8BAC8A25FAF89C00326058 /* UIKit TestTests.xctest */,
				EA8BAC9525FAF89C00326058 /* UIKit TestUITests.xctest */,
			);
			name = Products;
			sourceTree = "<group>";
		};
		EA8BAC7325FAF89B00326058 /* UIKit Test */ = {
			isa = PBXGroup;
			children = (
				EA8BACAA25FAF8B400326058 /* UI */,
				EA8BAC7425FAF89B00326058 /* AppDelegate.swift */,
				EA8BAC7625FAF89B00326058 /* SceneDelegate.swift */,
				EA8BAC7825FAF89B00326058 /* ViewController.swift */,
				EA8BAC7A25FAF89B00326058 /* Main.storyboard */,
				EA8BAC8025FAF89C00326058 /* Assets.xcassets */,
				EA8BAC8225FAF89C00326058 /* LaunchScreen.storyboard */,
				EA8BAC8525FAF89C00326058 /* Info.plist */,
				EA8BAC7D25FAF89B00326058 /* UIKit_Test.xcdatamodeld */,
			);
			path = "UIKit Test";
			sourceTree = "<group>";
		};
		EA8BAC8D25FAF89C00326058 /* UIKit TestTests */ = {
			isa = PBXGroup;
			children = (
				EA8BAC8E25FAF89C00326058 /* UIKit_TestTests.swift */,
				EA8BAC9025FAF89C00326058 /* Info.plist */,
			);
			path = "UIKit TestTests";
			sourceTree = "<group>";
		};
		EA8BAC9825FAF89C00326058 /* UIKit TestUITests */ = {
			isa = PBXGroup;
			children = (
				EA8BAC9925FAF89C00326058 /* UIKit_TestUITests.swift */,
				EA8BAC9B25FAF89C00326058 /* Info.plist */,
			);
			path = "UIKit TestUITests";
			sourceTree = "<group>";
		};
		EA8BACAA25FAF8B400326058 /* UI */ = {
			isa = PBXGroup;
			children = (
				EA8BACAB25FAF8C300326058 /* SystemViews */,
				EA8BACAC25FAF8C900326058 /* Control */,
			);
			path = UI;
			sourceTree = "<group>";
		};
		EA8BACAB25FAF8C300326058 /* SystemViews */ = {
			isa = PBXGroup;
			children = (
				EA8BACB525FAF97E00326058 /* SystemViewController.swift */,
				EA8BACBA25FAF9A600326058 /* SystemTableViewCell.swift */,
				EA8BACBB25FAF9A600326058 /* SystemTableViewCell.xib */,
			);
			path = SystemViews;
			sourceTree = "<group>";
		};
		EA8BACAC25FAF8C900326058 /* Control */ = {
			isa = PBXGroup;
			children = (
				EA8BACAD25FAF97000326058 /* ControlViewController.swift */,
				EA8BACC425FAF9B600326058 /* ControlTableViewCell.swift */,
				EA8BACC525FAF9B600326058 /* ControlTableViewCell.xib */,
			);
			path = Control;
			sourceTree = "<group>";
		};
/* End PBXGroup section */

/* Begin PBXNativeTarget section */
		EA8BAC7025FAF89B00326058 /* UIKit Test */ = {
			isa = PBXNativeTarget;
			buildConfigurationList = EA8BAC9E25FAF89C00326058 /* Build configuration list for PBXNativeTarget "UIKit Test" */;
			buildPhases = (
				EA8BAC6D25FAF89B00326058 /* Sources */,
				EA8BAC6E25FAF89B00326058 /* Frameworks */,
				EA8BAC6F25FAF89B00326058 /* Resources */,
			);
			buildRules = (
			);
			dependencies = (
			);
			name = "UIKit Test";
			productName = "UIKit Test";
			productReference = EA8BAC7125FAF89B00326058 /* UIKit Test.app */;
			productType = "com.apple.product-type.application";
		};
		EA8BAC8925FAF89C00326058 /* UIKit TestTests */ = {
			isa = PBXNativeTarget;
			buildConfigurationList = EA8BACA125FAF89C00326058 /* Build configuration list for PBXNativeTarget "UIKit TestTests" */;
			buildPhases = (
				EA8BAC8625FAF89C00326058 /* Sources */,
				EA8BAC8725FAF89C00326058 /* Frameworks */,
				EA8BAC8825FAF89C00326058 /* Resources */,
			);
			buildRules = (
			);
			dependencies = (
				EA8BAC8C25FAF89C00326058 /* PBXTargetDependency */,
			);
			name = "UIKit TestTests";
			productName = "UIKit TestTests";
			productReference = EA8BAC8A25FAF89C00326058 /* UIKit TestTests.xctest */;
			productType = "com.apple.product-type.bundle.unit-test";
		};
		EA8BAC9425FAF89C00326058 /* UIKit TestUITests */ = {
			isa = PBXNativeTarget;
			buildConfigurationList = EA8BACA425FAF89C00326058 /* Build configuration list for PBXNativeTarget "UIKit TestUITests" */;
			buildPhases = (
				EA8BAC9125FAF89C00326058 /* Sources */,
				EA8BAC9225FAF89C00326058 /* Frameworks */,
				EA8BAC9325FAF89C00326058 /* Resources */,
			);
			buildRules = (
			);
			dependencies = (
				EA8BAC9725FAF89C00326058 /* PBXTargetDependency */,
			);
			name = "UIKit TestUITests";
			productName = "UIKit TestUITests";
			productReference = EA8BAC9525FAF89C00326058 /* UIKit TestUITests.xctest */;
			productType = "com.apple.product-type.bundle.ui-testing";
		};
/* End PBXNativeTarget section */

/* Begin PBXProject section */
		EA8BAC6925FAF89B00326058 /* Project object */ = {
			isa = PBXProject;
			attributes = {
				LastSwiftUpdateCheck = 1240;
				LastUpgradeCheck = 1240;
				TargetAttributes = {
					EA8BAC7025FAF89B00326058 = {
						CreatedOnToolsVersion = 12.4;
					};
					EA8BAC8925FAF89C00326058 = {
						CreatedOnToolsVersion = 12.4;
						TestTargetID = EA8BAC7025FAF89B00326058;
					};
					EA8BAC9425FAF89C00326058 = {
						CreatedOnToolsVersion = 12.4;
						TestTargetID = EA8BAC7025FAF89B00326058;
					};
				};
			};
			buildConfigurationList = EA8BAC6C25FAF89B00326058 /* Build configuration list for PBXProject "UIKit Test" */;
			compatibilityVersion = "Xcode 9.3";
			developmentRegion = en;
			hasScannedForEncodings = 0;
			knownRegions = (
				en,
				Base,
			);
			mainGroup = EA8BAC6825FAF89B00326058;
			productRefGroup = EA8BAC7225FAF89B00326058 /* Products */;
			projectDirPath = "";
			projectRoot = "";
			targets = (
				EA8BAC7025FAF89B00326058 /* UIKit Test */,
				EA8BAC8925FAF89C00326058 /* UIKit TestTests */,
				EA8BAC9425FAF89C00326058 /* UIKit TestUITests */,
			);
		};
/* End PBXProject section */

/* Begin PBXResourcesBuildPhase section */
		EA8BAC6F25FAF89B00326058 /* Resources */ = {
			isa = PBXResourcesBuildPhase;
			buildActionMask = 2147483647;
			files = (
				EA8BACBD25FAF9A600326058 /* SystemTableViewCell.xib in Resources */,
				EA8BAC8425FAF89C00326058 /* LaunchScreen.storyboard in Resources */,
				EA8BAC8125FAF89C00326058 /* Assets.xcassets in Resources */,
				EA8BAC7C25FAF89B00326058 /* Main.storyboard in Resources */,
				EA8BACC725FAF9B600326058 /* ControlTableViewCell.xib in Resources */,
			);
			runOnlyForDeploymentPostprocessing = 0;
		};
		EA8BAC8825FAF89C00326058 /* Resources */ = {
			isa = PBXResourcesBuildPhase;
			buildActionMask = 2147483647;
			files = (
			);
			runOnlyForDeploymentPostprocessing = 0;
		};
		EA8BAC9325FAF89C00326058 /* Resources */ = {
			isa = PBXResourcesBuildPhase;
			buildActionMask = 2147483647;
			files = (
			);
			runOnlyForDeploymentPostprocessing = 0;
		};
/* End PBXResourcesBuildPhase section */

/* Begin PBXSourcesBuildPhase section */
		EA8BAC6D25FAF89B00326058 /* Sources */ = {
			isa = PBXSourcesBuildPhase;
			buildActionMask = 2147483647;
			files = (
				EA8BAC7F25FAF89B00326058 /* UIKit_Test.xcdatamodeld in Sources */,
				EA8BACC625FAF9B600326058 /* ControlTableViewCell.swift in Sources */,
				EA8BAC7925FAF89B00326058 /* ViewController.swift in Sources */,
				EA8BAC7525FAF89B00326058 /* AppDelegate.swift in Sources */,
				EA8BACBC25FAF9A600326058 /* SystemTableViewCell.swift in Sources */,
				EA8BACB625FAF97E00326058 /* SystemViewController.swift in Sources */,
				EA8BACAE25FAF97000326058 /* ControlViewController.swift in Sources */,
				EA8BAC7725FAF89B00326058 /* SceneDelegate.swift in Sources */,
			);
			runOnlyForDeploymentPostprocessing = 0;
		};
		EA8BAC8625FAF89C00326058 /* Sources */ = {
			isa = PBXSourcesBuildPhase;
			buildActionMask = 2147483647;
			files = (
				EA8BAC8F25FAF89C00326058 /* UIKit_TestTests.swift in Sources */,
			);
			runOnlyForDeploymentPostprocessing = 0;
		};
		EA8BAC9125FAF89C00326058 /* Sources */ = {
			isa = PBXSourcesBuildPhase;
			buildActionMask = 2147483647;
			files = (
				EA8BAC9A25FAF89C00326058 /* UIKit_TestUITests.swift in Sources */,
			);
			runOnlyForDeploymentPostprocessing = 0;
		};
/* End PBXSourcesBuildPhase section */

/* Begin PBXTargetDependency section */
		EA8BAC8C25FAF89C00326058 /* PBXTargetDependency */ = {
			isa = PBXTargetDependency;
			target = EA8BAC7025FAF89B00326058 /* UIKit Test */;
			targetProxy = EA8BAC8B25FAF89C00326058 /* PBXContainerItemProxy */;
		};
		EA8BAC9725FAF89C00326058 /* PBXTargetDependency */ = {
			isa = PBXTargetDependency;
			target = EA8BAC7025FAF89B00326058 /* UIKit Test */;
			targetProxy = EA8BAC9625FAF89C00326058 /* PBXContainerItemProxy */;
		};
/* End PBXTargetDependency section */

/* Begin PBXVariantGroup section */
		EA8BAC7A25FAF89B00326058 /* Main.storyboard */ = {
			isa = PBXVariantGroup;
			children = (
				EA8BAC7B25FAF89B00326058 /* Base */,
			);
			name = Main.storyboard;
			sourceTree = "<group>";
		};
		EA8BAC8225FAF89C00326058 /* LaunchScreen.storyboard */ = {
			isa = PBXVariantGroup;
			children = (
				EA8BAC8325FAF89C00326058 /* Base */,
			);
			name = LaunchScreen.storyboard;
			sourceTree = "<group>";
		};
/* End PBXVariantGroup section */

/* Begin XCBuildConfiguration section */
		EA8BAC9C25FAF89C00326058 /* Debug */ = {
			isa = XCBuildConfiguration;
			buildSettings = {
				ALWAYS_SEARCH_USER_PATHS = NO;
				CLANG_ANALYZER_NONNULL = YES;
				CLANG_ANALYZER_NUMBER_OBJECT_CONVERSION = YES_AGGRESSIVE;
				CLANG_CXX_LANGUAGE_STANDARD = "gnu++14";
				CLANG_CXX_LIBRARY = "libc++";
				CLANG_ENABLE_MODULES = YES;
				CLANG_ENABLE_OBJC_ARC = YES;
				CLANG_ENABLE_OBJC_WEAK = YES;
				CLANG_WARN_BLOCK_CAPTURE_AUTORELEASING = YES;
				CLANG_WARN_BOOL_CONVERSION = YES;
				CLANG_WARN_COMMA = YES;
				CLANG_WARN_CONSTANT_CONVERSION = YES;
				CLANG_WARN_DEPRECATED_OBJC_IMPLEMENTATIONS = YES;
				CLANG_WARN_DIRECT_OBJC_ISA_USAGE = YES_ERROR;
				CLANG_WARN_DOCUMENTATION_COMMENTS = YES;
				CLANG_WARN_EMPTY_BODY = YES;
				CLANG_WARN_ENUM_CONVERSION = YES;
				CLANG_WARN_INFINITE_RECURSION = YES;
				CLANG_WARN_INT_CONVERSION = YES;
				CLANG_WARN_NON_LITERAL_NULL_CONVERSION = YES;
				CLANG_WARN_OBJC_IMPLICIT_RETAIN_SELF = YES;
				CLANG_WARN_OBJC_LITERAL_CONVERSION = YES;
				CLANG_WARN_OBJC_ROOT_CLASS = YES_ERROR;
				CLANG_WARN_QUOTED_INCLUDE_IN_FRAMEWORK_HEADER = YES;
				CLANG_WARN_RANGE_LOOP_ANALYSIS = YES;
				CLANG_WARN_STRICT_PROTOTYPES = YES;
				CLANG_WARN_SUSPICIOUS_MOVE = YES;
				CLANG_WARN_UNGUARDED_AVAILABILITY = YES_AGGRESSIVE;
				CLANG_WARN_UNREACHABLE_CODE = YES;
				CLANG_WARN__DUPLICATE_METHOD_MATCH = YES;
				COPY_PHASE_STRIP = NO;
				DEBUG_INFORMATION_FORMAT = dwarf;
				ENABLE_STRICT_OBJC_MSGSEND = YES;
				ENABLE_TESTABILITY = YES;
				GCC_C_LANGUAGE_STANDARD = gnu11;
				GCC_DYNAMIC_NO_PIC = NO;
				GCC_NO_COMMON_BLOCKS = YES;
				GCC_OPTIMIZATION_LEVEL = 0;
				GCC_PREPROCESSOR_DEFINITIONS = (
					"DEBUG=1",
					"$(inherited)",
				);
				GCC_WARN_64_TO_32_BIT_CONVERSION = YES;
				GCC_WARN_ABOUT_RETURN_TYPE = YES_ERROR;
				GCC_WARN_UNDECLARED_SELECTOR = YES;
				GCC_WARN_UNINITIALIZED_AUTOS = YES_AGGRESSIVE;
				GCC_WARN_UNUSED_FUNCTION = YES;
				GCC_WARN_UNUSED_VARIABLE = YES;
				IPHONEOS_DEPLOYMENT_TARGET = 14.4;
				MTL_ENABLE_DEBUG_INFO = INCLUDE_SOURCE;
				MTL_FAST_MATH = YES;
				ONLY_ACTIVE_ARCH = YES;
				SDKROOT = iphoneos;
				SWIFT_ACTIVE_COMPILATION_CONDITIONS = DEBUG;
				SWIFT_OPTIMIZATION_LEVEL = "-Onone";
			};
			name = Debug;
		};
		EA8BAC9D25FAF89C00326058 /* Release */ = {
			isa = XCBuildConfiguration;
			buildSettings = {
				ALWAYS_SEARCH_USER_PATHS = NO;
				CLANG_ANALYZER_NONNULL = YES;
				CLANG_ANALYZER_NUMBER_OBJECT_CONVERSION = YES_AGGRESSIVE;
				CLANG_CXX_LANGUAGE_STANDARD = "gnu++14";
				CLANG_CXX_LIBRARY = "libc++";
				CLANG_ENABLE_MODULES = YES;
				CLANG_ENABLE_OBJC_ARC = YES;
				CLANG_ENABLE_OBJC_WEAK = YES;
				CLANG_WARN_BLOCK_CAPTURE_AUTORELEASING = YES;
				CLANG_WARN_BOOL_CONVERSION = YES;
				CLANG_WARN_COMMA = YES;
				CLANG_WARN_CONSTANT_CONVERSION = YES;
				CLANG_WARN_DEPRECATED_OBJC_IMPLEMENTATIONS = YES;
				CLANG_WARN_DIRECT_OBJC_ISA_USAGE = YES_ERROR;
				CLANG_WARN_DOCUMENTATION_COMMENTS = YES;
				CLANG_WARN_EMPTY_BODY = YES;
				CLANG_WARN_ENUM_CONVERSION = YES;
				CLANG_WARN_INFINITE_RECURSION = YES;
				CLANG_WARN_INT_CONVERSION = YES;
				CLANG_WARN_NON_LITERAL_NULL_CONVERSION = YES;
				CLANG_WARN_OBJC_IMPLICIT_RETAIN_SELF = YES;
				CLANG_WARN_OBJC_LITERAL_CONVERSION = YES;
				CLANG_WARN_OBJC_ROOT_CLASS = YES_ERROR;
				CLANG_WARN_QUOTED_INCLUDE_IN_FRAMEWORK_HEADER = YES;
				CLANG_WARN_RANGE_LOOP_ANALYSIS = YES;
				CLANG_WARN_STRICT_PROTOTYPES = YES;
				CLANG_WARN_SUSPICIOUS_MOVE = YES;
				CLANG_WARN_UNGUARDED_AVAILABILITY = YES_AGGRESSIVE;
				CLANG_WARN_UNREACHABLE_CODE = YES;
				CLANG_WARN__DUPLICATE_METHOD_MATCH = YES;
				COPY_PHASE_STRIP = NO;
				DEBUG_INFORMATION_FORMAT = "dwarf-with-dsym";
				ENABLE_NS_ASSERTIONS = NO;
				ENABLE_STRICT_OBJC_MSGSEND = YES;
				GCC_C_LANGUAGE_STANDARD = gnu11;
				GCC_NO_COMMON_BLOCKS = YES;
				GCC_WARN_64_TO_32_BIT_CONVERSION = YES;
				GCC_WARN_ABOUT_RETURN_TYPE = YES_ERROR;
				GCC_WARN_UNDECLARED_SELECTOR = YES;
				GCC_WARN_UNINITIALIZED_AUTOS = YES_AGGRESSIVE;
				GCC_WARN_UNUSED_FUNCTION = YES;
				GCC_WARN_UNUSED_VARIABLE = YES;
				IPHONEOS_DEPLOYMENT_TARGET = 14.4;
				MTL_ENABLE_DEBUG_INFO = NO;
				MTL_FAST_MATH = YES;
				SDKROOT = iphoneos;
				SWIFT_COMPILATION_MODE = wholemodule;
				SWIFT_OPTIMIZATION_LEVEL = "-O";
				VALIDATE_PRODUCT = YES;
			};
			name = Release;
		};
		EA8BAC9F25FAF89C00326058 /* Debug */ = {
			isa = XCBuildConfiguration;
			buildSettings = {
				ASSETCATALOG_COMPILER_APPICON_NAME = AppIcon;
				ASSETCATALOG_COMPILER_GLOBAL_ACCENT_COLOR_NAME = AccentColor;
				CODE_SIGN_STYLE = Automatic;
				DEVELOPMENT_TEAM = HUUUBGL4W2;
				INFOPLIST_FILE = "UIKit Test/Info.plist";
				LD_RUNPATH_SEARCH_PATHS = (
					"$(inherited)",
					"@executable_path/Frameworks",
				);
				PRODUCT_BUNDLE_IDENTIFIER = "key.UIKit-Test";
				PRODUCT_NAME = "$(TARGET_NAME)";
				SWIFT_VERSION = 5.0;
				TARGETED_DEVICE_FAMILY = "1,2";
			};
			name = Debug;
		};
		EA8BACA025FAF89C00326058 /* Release */ = {
			isa = XCBuildConfiguration;
			buildSettings = {
				ASSETCATALOG_COMPILER_APPICON_NAME = AppIcon;
				ASSETCATALOG_COMPILER_GLOBAL_ACCENT_COLOR_NAME = AccentColor;
				CODE_SIGN_STYLE = Automatic;
				DEVELOPMENT_TEAM = HUUUBGL4W2;
				INFOPLIST_FILE = "UIKit Test/Info.plist";
				LD_RUNPATH_SEARCH_PATHS = (
					"$(inherited)",
					"@executable_path/Frameworks",
				);
				PRODUCT_BUNDLE_IDENTIFIER = "key.UIKit-Test";
				PRODUCT_NAME = "$(TARGET_NAME)";
				SWIFT_VERSION = 5.0;
				TARGETED_DEVICE_FAMILY = "1,2";
			};
			name = Release;
		};
		EA8BACA225FAF89C00326058 /* Debug */ = {
			isa = XCBuildConfiguration;
			buildSettings = {
				ALWAYS_EMBED_SWIFT_STANDARD_LIBRARIES = YES;
				BUNDLE_LOADER = "$(TEST_HOST)";
				CODE_SIGN_STYLE = Automatic;
				DEVELOPMENT_TEAM = HUUUBGL4W2;
				INFOPLIST_FILE = "UIKit TestTests/Info.plist";
				IPHONEOS_DEPLOYMENT_TARGET = 14.4;
				LD_RUNPATH_SEARCH_PATHS = (
					"$(inherited)",
					"@executable_path/Frameworks",
					"@loader_path/Frameworks",
				);
				PRODUCT_BUNDLE_IDENTIFIER = "key.UIKit-TestTests";
				PRODUCT_NAME = "$(TARGET_NAME)";
				SWIFT_VERSION = 5.0;
				TARGETED_DEVICE_FAMILY = "1,2";
				TEST_HOST = "$(BUILT_PRODUCTS_DIR)/UIKit Test.app/UIKit Test";
			};
			name = Debug;
		};
		EA8BACA325FAF89C00326058 /* Release */ = {
			isa = XCBuildConfiguration;
			buildSettings = {
				ALWAYS_EMBED_SWIFT_STANDARD_LIBRARIES = YES;
				BUNDLE_LOADER = "$(TEST_HOST)";
				CODE_SIGN_STYLE = Automatic;
				DEVELOPMENT_TEAM = HUUUBGL4W2;
				INFOPLIST_FILE = "UIKit TestTests/Info.plist";
				IPHONEOS_DEPLOYMENT_TARGET = 14.4;
				LD_RUNPATH_SEARCH_PATHS = (
					"$(inherited)",
					"@executable_path/Frameworks",
					"@loader_path/Frameworks",
				);
				PRODUCT_BUNDLE_IDENTIFIER = "key.UIKit-TestTests";
				PRODUCT_NAME = "$(TARGET_NAME)";
				SWIFT_VERSION = 5.0;
				TARGETED_DEVICE_FAMILY = "1,2";
				TEST_HOST = "$(BUILT_PRODUCTS_DIR)/UIKit Test.app/UIKit Test";
			};
			name = Release;
		};
		EA8BACA525FAF89C00326058 /* Debug */ = {
			isa = XCBuildConfiguration;
			buildSettings = {
				ALWAYS_EMBED_SWIFT_STANDARD_LIBRARIES = YES;
				CODE_SIGN_STYLE = Automatic;
				DEVELOPMENT_TEAM = HUUUBGL4W2;
				INFOPLIST_FILE = "UIKit TestUITests/Info.plist";
				LD_RUNPATH_SEARCH_PATHS = (
					"$(inherited)",
					"@executable_path/Frameworks",
					"@loader_path/Frameworks",
				);
				PRODUCT_BUNDLE_IDENTIFIER = "key.UIKit-TestUITests";
				PRODUCT_NAME = "$(TARGET_NAME)";
				SWIFT_VERSION = 5.0;
				TARGETED_DEVICE_FAMILY = "1,2";
				TEST_TARGET_NAME = "UIKit Test";
			};
			name = Debug;
		};
		EA8BACA625FAF89C00326058 /* Release */ = {
			isa = XCBuildConfiguration;
			buildSettings = {
				ALWAYS_EMBED_SWIFT_STANDARD_LIBRARIES = YES;
				CODE_SIGN_STYLE = Automatic;
				DEVELOPMENT_TEAM = HUUUBGL4W2;
				INFOPLIST_FILE = "UIKit TestUITests/Info.plist";
				LD_RUNPATH_SEARCH_PATHS = (
					"$(inherited)",
					"@executable_path/Frameworks",
					"@loader_path/Frameworks",
				);
				PRODUCT_BUNDLE_IDENTIFIER = "key.UIKit-TestUITests";
				PRODUCT_NAME = "$(TARGET_NAME)";
				SWIFT_VERSION = 5.0;
				TARGETED_DEVICE_FAMILY = "1,2";
				TEST_TARGET_NAME = "UIKit Test";
			};
			name = Release;
		};
/* End XCBuildConfiguration section */

/* Begin XCConfigurationList section */
		EA8BAC6C25FAF89B00326058 /* Build configuration list for PBXProject "UIKit Test" */ = {
			isa = XCConfigurationList;
			buildConfigurations = (
				EA8BAC9C25FAF89C00326058 /* Debug */,
				EA8BAC9D25FAF89C00326058 /* Release */,
			);
			defaultConfigurationIsVisible = 0;
			defaultConfigurationName = Release;
		};
		EA8BAC9E25FAF89C00326058 /* Build configuration list for PBXNativeTarget "UIKit Test" */ = {
			isa = XCConfigurationList;
			buildConfigurations = (
				EA8BAC9F25FAF89C00326058 /* Debug */,
				EA8BACA025FAF89C00326058 /* Release */,
			);
			defaultConfigurationIsVisible = 0;
			defaultConfigurationName = Release;
		};
		EA8BACA125FAF89C00326058 /* Build configuration list for PBXNativeTarget "UIKit TestTests" */ = {
			isa = XCConfigurationList;
			buildConfigurations = (
				EA8BACA225FAF89C00326058 /* Debug */,
				EA8BACA325FAF89C00326058 /* Release */,
			);
			defaultConfigurationIsVisible = 0;
			defaultConfigurationName = Release;
		};
		EA8BACA425FAF89C00326058 /* Build configuration list for PBXNativeTarget "UIKit TestUITests" */ = {
			isa = XCConfigurationList;
			buildConfigurations = (
				EA8BACA525FAF89C00326058 /* Debug */,
				EA8BACA625FAF89C00326058 /* Release */,
			);
			defaultConfigurationIsVisible = 0;
			defaultConfigurationName = Release;
		};
/* End XCConfigurationList section */

/* Begin XCVersionGroup section */
		EA8BAC7D25FAF89B00326058 /* UIKit_Test.xcdatamodeld */ = {
			isa = XCVersionGroup;
			children = (
				EA8BAC7E25FAF89B00326058 /* UIKit_Test.xcdatamodel */,
			);
			currentVersion = EA8BAC7E25FAF89B00326058 /* UIKit_Test.xcdatamodel */;
			path = UIKit_Test.xcdatamodeld;
			sourceTree = "<group>";
			versionGroupType = wrapper.xcdatamodel;
		};
/* End XCVersionGroup section */
	};
	rootObject = EA8BAC6925FAF89B00326058 /* Project object */;
}
